
Microsoft Visual Studio Solution File, Format Version 12.00
# Visual Studio Version 17
VisualStudioVersion = 17.13.35825.156
MinimumVisualStudioVersion = 10.0.40219.1
Project("{FAE04EC0-301F-11D3-BF4B-00C04F79EFBC}") = "Farmacheck", "Farmacheck.csproj", "{B1BC3A6F-493F-438B-85F2-2DAD707F371E}"
EndProject
Project("{FAE04EC0-301F-11D3-BF4B-00C04F79EFBC}") = "Farmacheck.Application", "..\Farmacheck.Application\Farmacheck.Application.csproj", "{B87A3494-27B6-470E-97C6-6932E3620542}"
EndProject
Project("{FAE04EC0-301F-11D3-BF4B-00C04F79EFBC}") = "Farmacheck.Infrastructure", "..\Farmacheck.Infrastructure\Farmacheck.Infrastructure.csproj", "{8520BB56-BBCD-4A21-9130-4CF53BC573FE}"
EndProject
Global
	GlobalSection(SolutionConfigurationPlatforms) = preSolution
		Debug|Any CPU = Debug|Any CPU
		Release|Any CPU = Release|Any CPU
	EndGlobalSection
	GlobalSection(ProjectConfigurationPlatforms) = postSolution
		{B1BC3A6F-493F-438B-85F2-2DAD707F371E}.Debug|Any CPU.ActiveCfg = Debug|Any CPU
		{B1BC3A6F-493F-438B-85F2-2DAD707F371E}.Debug|Any CPU.Build.0 = Debug|Any CPU
		{B1BC3A6F-493F-438B-85F2-2DAD707F371E}.Release|Any CPU.ActiveCfg = Release|Any CPU
		{B1BC3A6F-493F-438B-85F2-2DAD707F371E}.Release|Any CPU.Build.0 = Release|Any CPU
		{B87A3494-27B6-470E-97C6-6932E3620542}.Debug|Any CPU.ActiveCfg = Debug|Any CPU
		{B87A3494-27B6-470E-97C6-6932E3620542}.Debug|Any CPU.Build.0 = Debug|Any CPU
		{B87A3494-27B6-470E-97C6-6932E3620542}.Release|Any CPU.ActiveCfg = Release|Any CPU
		{B87A3494-27B6-470E-97C6-6932E3620542}.Release|Any CPU.Build.0 = Release|Any CPU
		{8520BB56-BBCD-4A21-9130-4CF53BC573FE}.Debug|Any CPU.ActiveCfg = Debug|Any CPU
		{8520BB56-BBCD-4A21-9130-4CF53BC573FE}.Debug|Any CPU.Build.0 = Debug|Any CPU
		{8520BB56-BBCD-4A21-9130-4CF53BC573FE}.Release|Any CPU.ActiveCfg = Release|Any CPU
		{8520BB56-BBCD-4A21-9130-4CF53BC573FE}.Release|Any CPU.Build.0 = Release|Any CPU
	EndGlobalSection
	GlobalSection(SolutionProperties) = preSolution
		HideSolutionNode = FALSE
	EndGlobalSection
	GlobalSection(ExtensibilityGlobals) = postSolution
		SolutionGuid = {21B8C8C1-FA48-435A-B2A5-6AF8C822F7F9}
	EndGlobalSection
EndGlobal
